
Microsoft Visual Studio Solution File, Format Version 12.00
# Visual Studio Version 17
VisualStudioVersion = 17.3.32929.385
MinimumVisualStudioVersion = 10.0.40219.1
Project("{FAE04EC0-301F-11D3-BF4B-00C04F79EFBC}") = "Bai4", "Bai4.csproj", "{BD91B6E1-EB3E-4879-8386-3ED86ADB8634}"
EndProject
Global
	GlobalSection(SolutionConfigurationPlatforms) = preSolution
		Debug|Any CPU = Debug|Any CPU
		Release|Any CPU = Release|Any CPU
	EndGlobalSection
	GlobalSection(ProjectConfigurationPlatforms) = postSolution
		{BD91B6E1-EB3E-4879-8386-3ED86ADB8634}.Debug|Any CPU.ActiveCfg = Debug|Any CPU
		{BD91B6E1-EB3E-4879-8386-3ED86ADB8634}.Debug|Any CPU.Build.0 = Debug|Any CPU
		{BD91B6E1-EB3E-4879-8386-3ED86ADB8634}.Release|Any CPU.ActiveCfg = Release|Any CPU
		{BD91B6E1-EB3E-4879-8386-3ED86ADB8634}.Release|Any CPU.Build.0 = Release|Any CPU
	EndGlobalSection
	GlobalSection(SolutionProperties) = preSolution
		HideSolutionNode = FALSE
	EndGlobalSection
	GlobalSection(ExtensibilityGlobals) = postSolution
		SolutionGuid = {9C551937-CA21-41EA-AD20-27E9D29F8E07}
	EndGlobalSection
EndGlobal
